// !$*UTF8*$!
{
	archiveVersion = 1;
	classes = {
	};
	objectVersion = 50;
	objects = {

/* Begin PBXBuildFile section */
		B15275F722B283E100955C9C /* AppDelegate.swift in Sources */ = {isa = PBXBuildFile; fileRef = B15275F622B283E100955C9C /* AppDelegate.swift */; };
		B15275F922B283E100955C9C /* ViewController.swift in Sources */ = {isa = PBXBuildFile; fileRef = B15275F822B283E100955C9C /* ViewController.swift */; };
		B15275FC22B283E100955C9C /* Main.storyboard in Resources */ = {isa = PBXBuildFile; fileRef = B15275FA22B283E100955C9C /* Main.storyboard */; };
		B15275FE22B283E200955C9C /* Assets.xcassets in Resources */ = {isa = PBXBuildFile; fileRef = B15275FD22B283E200955C9C /* Assets.xcassets */; };
		B152760122B283E200955C9C /* LaunchScreen.storyboard in Resources */ = {isa = PBXBuildFile; fileRef = B15275FF22B283E200955C9C /* LaunchScreen.storyboard */; };
		B152760922B2875600955C9C /* Balham.otf in Resources */ = {isa = PBXBuildFile; fileRef = B152760822B2875600955C9C /* Balham.otf */; };
		B152760F22B2B07A00955C9C /* Question.swift in Sources */ = {isa = PBXBuildFile; fileRef = B152760E22B2B07A00955C9C /* Question.swift */; };
		B152761122B3011A00955C9C /* Game.swift in Sources */ = {isa = PBXBuildFile; fileRef = B152761022B3011A00955C9C /* Game.swift */; };
		B152761322B302FF00955C9C /* QuestionManager.swift in Sources */ = {isa = PBXBuildFile; fileRef = B152761222B302FF00955C9C /* QuestionManager.swift */; };
/* End PBXBuildFile section */

/* Begin PBXFileReference section */
		B15275F322B283E100955C9C /* OpenQuizz.app */ = {isa = PBXFileReference; explicitFileType = wrapper.application; includeInIndex = 0; path = OpenQuizz.app; sourceTree = BUILT_PRODUCTS_DIR; };
		B15275F622B283E100955C9C /* AppDelegate.swift */ = {isa = PBXFileReference; lastKnownFileType = sourcecode.swift; path = AppDelegate.swift; sourceTree = "<group>"; };
		B15275F822B283E100955C9C /* ViewController.swift */ = {isa = PBXFileReference; lastKnownFileType = sourcecode.swift; path = ViewController.swift; sourceTree = "<group>"; };
		B15275FB22B283E100955C9C /* Base */ = {isa = PBXFileReference; lastKnownFileType = file.storyboard; name = Base; path = Base.lproj/Main.storyboard; sourceTree = "<group>"; };
		B15275FD22B283E200955C9C /* Assets.xcassets */ = {isa = PBXFileReference; lastKnownFileType = folder.assetcatalog; path = Assets.xcassets; sourceTree = "<group>"; };
		B152760022B283E200955C9C /* Base */ = {isa = PBXFileReference; lastKnownFileType = file.storyboard; name = Base; path = Base.lproj/LaunchScreen.storyboard; sourceTree = "<group>"; };
		B152760222B283E200955C9C /* Info.plist */ = {isa = PBXFileReference; lastKnownFileType = text.plist.xml; path = Info.plist; sourceTree = "<group>"; };
		B152760822B2875600955C9C /* Balham.otf */ = {isa = PBXFileReference; lastKnownFileType = file; path = Balham.otf; sourceTree = "<group>"; };
		B152760E22B2B07A00955C9C /* Question.swift */ = {isa = PBXFileReference; lastKnownFileType = sourcecode.swift; path = Question.swift; sourceTree = "<group>"; };
		B152761022B3011A00955C9C /* Game.swift */ = {isa = PBXFileReference; fileEncoding = 4; lastKnownFileType = sourcecode.swift; path = Game.swift; sourceTree = "<group>"; };
		B152761222B302FF00955C9C /* QuestionManager.swift */ = {isa = PBXFileReference; fileEncoding = 4; lastKnownFileType = sourcecode.swift; path = QuestionManager.swift; sourceTree = "<group>"; };
/* End PBXFileReference section */

/* Begin PBXFrameworksBuildPhase section */
		B15275F022B283E100955C9C /* Frameworks */ = {
			isa = PBXFrameworksBuildPhase;
			buildActionMask = 2147483647;
			files = (
			);
			runOnlyForDeploymentPostprocessing = 0;
		};
/* End PBXFrameworksBuildPhase section */

/* Begin PBXGroup section */
		B15275EA22B283E100955C9C = {
			isa = PBXGroup;
			children = (
				B15275F522B283E100955C9C /* OpenQuizz */,
				B15275F422B283E100955C9C /* Products */,
			);
			sourceTree = "<group>";
		};
		B15275F422B283E100955C9C /* Products */ = {
			isa = PBXGroup;
			children = (
				B15275F322B283E100955C9C /* OpenQuizz.app */,
			);
			name = Products;
			sourceTree = "<group>";
		};
		B15275F522B283E100955C9C /* OpenQuizz */ = {
			isa = PBXGroup;
			children = (
				B152760222B283E200955C9C /* Info.plist */,
				B152760D22B292AE00955C9C /* Supporting Files */,
				B152760C22B2927A00955C9C /* Controller */,
				B152760B22B2927500955C9C /* View */,
				B152760A22B2926400955C9C /* Model */,
			);
			path = OpenQuizz;
			sourceTree = "<group>";
		};
		B152760A22B2926400955C9C /* Model */ = {
			isa = PBXGroup;
			children = (
				B152761022B3011A00955C9C /* Game.swift */,
				B152761222B302FF00955C9C /* QuestionManager.swift */,
				B152760E22B2B07A00955C9C /* Question.swift */,
			);
			path = Model;
			sourceTree = "<group>";
		};
		B152760B22B2927500955C9C /* View */ = {
			isa = PBXGroup;
			children = (
				B15275FA22B283E100955C9C /* Main.storyboard */,
			);
			path = View;
			sourceTree = "<group>";
		};
		B152760C22B2927A00955C9C /* Controller */ = {
			isa = PBXGroup;
			children = (
				B15275F822B283E100955C9C /* ViewController.swift */,
			);
			path = Controller;
			sourceTree = "<group>";
		};
		B152760D22B292AE00955C9C /* Supporting Files */ = {
			isa = PBXGroup;
			children = (
				B152760822B2875600955C9C /* Balham.otf */,
				B15275FD22B283E200955C9C /* Assets.xcassets */,
				B15275FF22B283E200955C9C /* LaunchScreen.storyboard */,
				B15275F622B283E100955C9C /* AppDelegate.swift */,
			);
			path = "Supporting Files";
			sourceTree = "<group>";
		};
/* End PBXGroup section */

/* Begin PBXNativeTarget section */
		B15275F222B283E100955C9C /* OpenQuizz */ = {
			isa = PBXNativeTarget;
			buildConfigurationList = B152760522B283E200955C9C /* Build configuration list for PBXNativeTarget "OpenQuizz" */;
			buildPhases = (
				B15275EF22B283E100955C9C /* Sources */,
				B15275F022B283E100955C9C /* Frameworks */,
				B15275F122B283E100955C9C /* Resources */,
			);
			buildRules = (
			);
			dependencies = (
			);
			name = OpenQuizz;
			productName = OpenQuizz;
			productReference = B15275F322B283E100955C9C /* OpenQuizz.app */;
			productType = "com.apple.product-type.application";
		};
/* End PBXNativeTarget section */

/* Begin PBXProject section */
		B15275EB22B283E100955C9C /* Project object */ = {
			isa = PBXProject;
			attributes = {
				LastSwiftUpdateCheck = 1010;
				LastUpgradeCheck = 1010;
				ORGANIZATIONNAME = "Erwan PASTE";
				TargetAttributes = {
					B15275F222B283E100955C9C = {
						CreatedOnToolsVersion = 10.1;
					};
				};
			};
			buildConfigurationList = B15275EE22B283E100955C9C /* Build configuration list for PBXProject "OpenQuizz" */;
			compatibilityVersion = "Xcode 9.3";
			developmentRegion = en;
			hasScannedForEncodings = 0;
			knownRegions = (
				en,
				Base,
			);
			mainGroup = B15275EA22B283E100955C9C;
			productRefGroup = B15275F422B283E100955C9C /* Products */;
			projectDirPath = "";
			projectRoot = "";
			targets = (
				B15275F222B283E100955C9C /* OpenQuizz */,
			);
		};
/* End PBXProject section */

/* Begin PBXResourcesBuildPhase section */
		B15275F122B283E100955C9C /* Resources */ = {
			isa = PBXResourcesBuildPhase;
			buildActionMask = 2147483647;
			files = (
				B152760122B283E200955C9C /* LaunchScreen.storyboard in Resources */,
				B15275FE22B283E200955C9C /* Assets.xcassets in Resources */,
				B152760922B2875600955C9C /* Balham.otf in Resources */,
				B15275FC22B283E100955C9C /* Main.storyboard in Resources */,
			);
			runOnlyForDeploymentPostprocessing = 0;
		};
/* End PBXResourcesBuildPhase section */

/* Begin PBXSourcesBuildPhase section */
		B15275EF22B283E100955C9C /* Sources */ = {
			isa = PBXSourcesBuildPhase;
			buildActionMask = 2147483647;
			files = (
				B152760F22B2B07A00955C9C /* Question.swift in Sources */,
				B15275F922B283E100955C9C /* ViewController.swift in Sources */,
				B15275F722B283E100955C9C /* AppDelegate.swift in Sources */,
				B152761322B302FF00955C9C /* QuestionManager.swift in Sources */,
				B152761122B3011A00955C9C /* Game.swift in Sources */,
			);
			runOnlyForDeploymentPostprocessing = 0;
		};
/* End PBXSourcesBuildPhase section */

/* Begin PBXVariantGroup section */
		B15275FA22B283E100955C9C /* Main.storyboard */ = {
			isa = PBXVariantGroup;
			children = (
				B15275FB22B283E100955C9C /* Base */,
			);
			name = Main.storyboard;
			sourceTree = "<group>";
		};
		B15275FF22B283E200955C9C /* LaunchScreen.storyboard */ = {
			isa = PBXVariantGroup;
			children = (
				B152760022B283E200955C9C /* Base */,
			);
			name = LaunchScreen.storyboard;
			sourceTree = "<group>";
		};
/* End PBXVariantGroup section */

/* Begin XCBuildConfiguration section */
		B152760322B283E200955C9C /* Debug */ = {
			isa = XCBuildConfiguration;
			buildSettings = {
				ALWAYS_SEARCH_USER_PATHS = NO;
				CLANG_ANALYZER_NONNULL = YES;
				CLANG_ANALYZER_NUMBER_OBJECT_CONVERSION = YES_AGGRESSIVE;
				CLANG_CXX_LANGUAGE_STANDARD = "gnu++14";
				CLANG_CXX_LIBRARY = "libc++";
				CLANG_ENABLE_MODULES = YES;
				CLANG_ENABLE_OBJC_ARC = YES;
				CLANG_ENABLE_OBJC_WEAK = YES;
				CLANG_WARN_BLOCK_CAPTURE_AUTORELEASING = YES;
				CLANG_WARN_BOOL_CONVERSION = YES;
				CLANG_WARN_COMMA = YES;
				CLANG_WARN_CONSTANT_CONVERSION = YES;
				CLANG_WARN_DEPRECATED_OBJC_IMPLEMENTATIONS = YES;
				CLANG_WARN_DIRECT_OBJC_ISA_USAGE = YES_ERROR;
				CLANG_WARN_DOCUMENTATION_COMMENTS = YES;
				CLANG_WARN_EMPTY_BODY = YES;
				CLANG_WARN_ENUM_CONVERSION = YES;
				CLANG_WARN_INFINITE_RECURSION = YES;
				CLANG_WARN_INT_CONVERSION = YES;
				CLANG_WARN_NON_LITERAL_NULL_CONVERSION = YES;
				CLANG_WARN_OBJC_IMPLICIT_RETAIN_SELF = YES;
				CLANG_WARN_OBJC_LITERAL_CONVERSION = YES;
				CLANG_WARN_OBJC_ROOT_CLASS = YES_ERROR;
				CLANG_WARN_RANGE_LOOP_ANALYSIS = YES;
				CLANG_WARN_STRICT_PROTOTYPES = YES;
				CLANG_WARN_SUSPICIOUS_MOVE = YES;
				CLANG_WARN_UNGUARDED_AVAILABILITY = YES_AGGRESSIVE;
				CLANG_WARN_UNREACHABLE_CODE = YES;
				CLANG_WARN__DUPLICATE_METHOD_MATCH = YES;
				CODE_SIGN_IDENTITY = "iPhone Developer";
				COPY_PHASE_STRIP = NO;
				DEBUG_INFORMATION_FORMAT = dwarf;
				ENABLE_STRICT_OBJC_MSGSEND = YES;
				ENABLE_TESTABILITY = YES;
				GCC_C_LANGUAGE_STANDARD = gnu11;
				GCC_DYNAMIC_NO_PIC = NO;
				GCC_NO_COMMON_BLOCKS = YES;
				GCC_OPTIMIZATION_LEVEL = 0;
				GCC_PREPROCESSOR_DEFINITIONS = (
					"DEBUG=1",
					"$(inherited)",
				);
				GCC_WARN_64_TO_32_BIT_CONVERSION = YES;
				GCC_WARN_ABOUT_RETURN_TYPE = YES_ERROR;
				GCC_WARN_UNDECLARED_SELECTOR = YES;
				GCC_WARN_UNINITIALIZED_AUTOS = YES_AGGRESSIVE;
				GCC_WARN_UNUSED_FUNCTION = YES;
				GCC_WARN_UNUSED_VARIABLE = YES;
				IPHONEOS_DEPLOYMENT_TARGET = 12.1;
				MTL_ENABLE_DEBUG_INFO = INCLUDE_SOURCE;
				MTL_FAST_MATH = YES;
				ONLY_ACTIVE_ARCH = YES;
				SDKROOT = iphoneos;
				SWIFT_ACTIVE_COMPILATION_CONDITIONS = DEBUG;
				SWIFT_OPTIMIZATION_LEVEL = "-Onone";
			};
			name = Debug;
		};
		B152760422B283E200955C9C /* Release */ = {
			isa = XCBuildConfiguration;
			buildSettings = {
				ALWAYS_SEARCH_USER_PATHS = NO;
				CLANG_ANALYZER_NONNULL = YES;
				CLANG_ANALYZER_NUMBER_OBJECT_CONVERSION = YES_AGGRESSIVE;
				CLANG_CXX_LANGUAGE_STANDARD = "gnu++14";
				CLANG_CXX_LIBRARY = "libc++";
				CLANG_ENABLE_MODULES = YES;
				CLANG_ENABLE_OBJC_ARC = YES;
				CLANG_ENABLE_OBJC_WEAK = YES;
				CLANG_WARN_BLOCK_CAPTURE_AUTORELEASING = YES;
				CLANG_WARN_BOOL_CONVERSION = YES;
				CLANG_WARN_COMMA = YES;
				CLANG_WARN_CONSTANT_CONVERSION = YES;
				CLANG_WARN_DEPRECATED_OBJC_IMPLEMENTATIONS = YES;
				CLANG_WARN_DIRECT_OBJC_ISA_USAGE = YES_ERROR;
				CLANG_WARN_DOCUMENTATION_COMMENTS = YES;
				CLANG_WARN_EMPTY_BODY = YES;
				CLANG_WARN_ENUM_CONVERSION = YES;
				CLANG_WARN_INFINITE_RECURSION = YES;
				CLANG_WARN_INT_CONVERSION = YES;
				CLANG_WARN_NON_LITERAL_NULL_CONVERSION = YES;
				CLANG_WARN_OBJC_IMPLICIT_RETAIN_SELF = YES;
				CLANG_WARN_OBJC_LITERAL_CONVERSION = YES;
				CLANG_WARN_OBJC_ROOT_CLASS = YES_ERROR;
				CLANG_WARN_RANGE_LOOP_ANALYSIS = YES;
				CLANG_WARN_STRICT_PROTOTYPES = YES;
				CLANG_WARN_SUSPICIOUS_MOVE = YES;
				CLANG_WARN_UNGUARDED_AVAILABILITY = YES_AGGRESSIVE;
				CLANG_WARN_UNREACHABLE_CODE = YES;
				CLANG_WARN__DUPLICATE_METHOD_MATCH = YES;
				CODE_SIGN_IDENTITY = "iPhone Developer";
				COPY_PHASE_STRIP = NO;
				DEBUG_INFORMATION_FORMAT = "dwarf-with-dsym";
				ENABLE_NS_ASSERTIONS = NO;
				ENABLE_STRICT_OBJC_MSGSEND = YES;
				GCC_C_LANGUAGE_STANDARD = gnu11;
				GCC_NO_COMMON_BLOCKS = YES;
				GCC_WARN_64_TO_32_BIT_CONVERSION = YES;
				GCC_WARN_ABOUT_RETURN_TYPE = YES_ERROR;
				GCC_WARN_UNDECLARED_SELECTOR = YES;
				GCC_WARN_UNINITIALIZED_AUTOS = YES_AGGRESSIVE;
				GCC_WARN_UNUSED_FUNCTION = YES;
				GCC_WARN_UNUSED_VARIABLE = YES;
				IPHONEOS_DEPLOYMENT_TARGET = 12.1;
				MTL_ENABLE_DEBUG_INFO = NO;
				MTL_FAST_MATH = YES;
				SDKROOT = iphoneos;
				SWIFT_COMPILATION_MODE = wholemodule;
				SWIFT_OPTIMIZATION_LEVEL = "-O";
				VALIDATE_PRODUCT = YES;
			};
			name = Release;
		};
		B152760622B283E200955C9C /* Debug */ = {
			isa = XCBuildConfiguration;
			buildSettings = {
				ASSETCATALOG_COMPILER_APPICON_NAME = AppIcon;
				CODE_SIGN_STYLE = Automatic;
				DEVELOPMENT_TEAM = Q68NRVZC23;
				INFOPLIST_FILE = OpenQuizz/Info.plist;
				LD_RUNPATH_SEARCH_PATHS = (
					"$(inherited)",
					"@executable_path/Frameworks",
				);
				PRODUCT_BUNDLE_IDENTIFIER = fr.ohmygym.OpenQuizz;
				PRODUCT_NAME = "$(TARGET_NAME)";
				SWIFT_VERSION = 4.2;
				TARGETED_DEVICE_FAMILY = "1,2";
			};
			name = Debug;
		};
		B152760722B283E200955C9C /* Release */ = {
			isa = XCBuildConfiguration;
			buildSettings = {
				ASSETCATALOG_COMPILER_APPICON_NAME = AppIcon;
				CODE_SIGN_STYLE = Automatic;
				DEVELOPMENT_TEAM = Q68NRVZC23;
				INFOPLIST_FILE = OpenQuizz/Info.plist;
				LD_RUNPATH_SEARCH_PATHS = (
					"$(inherited)",
					"@executable_path/Frameworks",
				);
				PRODUCT_BUNDLE_IDENTIFIER = fr.ohmygym.OpenQuizz;
				PRODUCT_NAME = "$(TARGET_NAME)";
				SWIFT_VERSION = 4.2;
				TARGETED_DEVICE_FAMILY = "1,2";
			};
			name = Release;
		};
/* End XCBuildConfiguration section */

/* Begin XCConfigurationList section */
		B15275EE22B283E100955C9C /* Build configuration list for PBXProject "OpenQuizz" */ = {
			isa = XCConfigurationList;
			buildConfigurations = (
				B152760322B283E200955C9C /* Debug */,
				B152760422B283E200955C9C /* Release */,
			);
			defaultConfigurationIsVisible = 0;
			defaultConfigurationName = Release;
		};
		B152760522B283E200955C9C /* Build configuration list for PBXNativeTarget "OpenQuizz" */ = {
			isa = XCConfigurationList;
			buildConfigurations = (
				B152760622B283E200955C9C /* Debug */,
				B152760722B283E200955C9C /* Release */,
			);
			defaultConfigurationIsVisible = 0;
			defaultConfigurationName = Release;
		};
/* End XCConfigurationList section */
	};
	rootObject = B15275EB22B283E100955C9C /* Project object */;
}
